<?xml version="1.0" encoding="utf-8"?>
<Project ToolsVersion="4.0" xmlns="http://schemas.microsoft.com/developer/msbuild/2003">
  <ItemGroup>
    <Filter Include="Source Files">
      <UniqueIdentifier>{4FC737F1-C7A5-4376-A066-2A32D752A2FF}</UniqueIdentifier>
      <Extensions>cpp;c;cc;cxx;def;odl;idl;hpj;bat;asm;asmx</Extensions>
    </Filter>
    <Filter Include="Header Files">
      <UniqueIdentifier>{93995380-89BD-4b04-88EB-625FBE52EBFB}</UniqueIdentifier>
      <Extensions>h;hpp;hxx;hm;inl;inc;xsd</Extensions>
    </Filter>
    <Filter Include="Header Files\zeep">
      <UniqueIdentifier>{2a5a3233-b3ca-456d-bb42-23d65cc35ddb}</UniqueIdentifier>
    </Filter>
    <Filter Include="Header Files\zeep\xml">
      <UniqueIdentifier>{c193a094-398a-47b1-b3e3-618eab55a924}</UniqueIdentifier>
    </Filter>
    <Filter Include="Header Files\zeep\http">
      <UniqueIdentifier>{58dd6607-5c22-4f45-aca8-c00d689fe6e1}</UniqueIdentifier>
    </Filter>
  </ItemGroup>
  <ItemGroup>
    <ClCompile Include="..\src\connection.cpp">
      <Filter>Source Files</Filter>
    </ClCompile>
    <ClCompile Include="..\src\doctype.cpp">
      <Filter>Source Files</Filter>
    </ClCompile>
    <ClCompile Include="..\src\document.cpp">
      <Filter>Source Files</Filter>
    </ClCompile>
    <ClCompile Include="..\src\exception.cpp">
      <Filter>Source Files</Filter>
    </ClCompile>
    <ClCompile Include="..\src\http-server.cpp">
      <Filter>Source Files</Filter>
    </ClCompile>
    <ClCompile Include="..\src\node.cpp">
      <Filter>Source Files</Filter>
    </ClCompile>
    <ClCompile Include="..\src\parser.cpp">
      <Filter>Source Files</Filter>
    </ClCompile>
    <ClCompile Include="..\src\reply.cpp">
      <Filter>Source Files</Filter>
    </ClCompile>
    <ClCompile Include="..\src\soap-envelope.cpp">
      <Filter>Source Files</Filter>
    </ClCompile>
    <ClCompile Include="..\src\soap-server.cpp">
      <Filter>Source Files</Filter>
    </ClCompile>
    <ClCompile Include="..\src\unicode_support.cpp">
      <Filter>Source Files</Filter>
    </ClCompile>
    <ClCompile Include="..\src\writer.cpp">
      <Filter>Source Files</Filter>
    </ClCompile>
    <ClCompile Include="..\src\xpath.cpp">
      <Filter>Source Files</Filter>
    </ClCompile>
    <ClCompile Include="..\src\webapp.cpp">
      <Filter>Source Files</Filter>
    </ClCompile>
    <ClCompile Include="..\src\webapp-el.cpp">
      <Filter>Source Files</Filter>
    </ClCompile>
    <ClCompile Include="..\src\preforked-http-server.cpp">
      <Filter>Source Files</Filter>
    </ClCompile>
    <ClCompile Include="..\src\message_parser.cpp">
      <Filter>Source Files</Filter>
    </ClCompile>
    <ClCompile Include="..\src\md5.cpp">
      <Filter>Source Files</Filter>
    </ClCompile>
    <ClCompile Include="..\src\request.cpp">
      <Filter>Source Files</Filter>
    </ClCompile>
  </ItemGroup>
  <ItemGroup>
    <ClInclude Include="stdafx.h">
      <Filter>Header Files</Filter>
    </ClInclude>
    <ClInclude Include="targetver.h">
      <Filter>Header Files</Filter>
    </ClInclude>
    <ClInclude Include="..\zeep\config.hpp">
      <Filter>Header Files\zeep</Filter>
    </ClInclude>
    <ClInclude Include="..\zeep\dispatcher.hpp">
      <Filter>Header Files\zeep</Filter>
    </ClInclude>
    <ClInclude Include="..\zeep\envelope.hpp">
      <Filter>Header Files\zeep</Filter>
    </ClInclude>
    <ClInclude Include="..\zeep\exception.hpp">
      <Filter>Header Files\zeep</Filter>
    </ClInclude>
    <ClInclude Include="..\zeep\server.hpp">
      <Filter>Header Files\zeep</Filter>
    </ClInclude>
    <ClInclude Include="..\zeep\xml\doctype.hpp">
      <Filter>Header Files\zeep\xml</Filter>
    </ClInclude>
    <ClInclude Include="..\zeep\xml\document.hpp">
      <Filter>Header Files\zeep\xml</Filter>
    </ClInclude>
    <ClInclude Include="..\zeep\xml\node.hpp">
      <Filter>Header Files\zeep\xml</Filter>
    </ClInclude>
    <ClInclude Include="..\zeep\xml\parser.hpp">
      <Filter>Header Files\zeep\xml</Filter>
    </ClInclude>
    <ClInclude Include="..\zeep\xml\serialize.hpp">
      <Filter>Header Files\zeep\xml</Filter>
    </ClInclude>
    <ClInclude Include="..\zeep\xml\unicode_support.hpp">
      <Filter>Header Files\zeep\xml</Filter>
    </ClInclude>
    <ClInclude Include="..\zeep\xml\writer.hpp">
      <Filter>Header Files\zeep\xml</Filter>
    </ClInclude>
    <ClInclude Include="..\zeep\xml\xpath.hpp">
      <Filter>Header Files\zeep\xml</Filter>
    </ClInclude>
    <ClInclude Include="..\zeep\http\connection.hpp">
      <Filter>Header Files\zeep\http</Filter>
    </ClInclude>
    <ClInclude Include="..\zeep\http\header.hpp">
      <Filter>Header Files\zeep\http</Filter>
    </ClInclude>
    <ClInclude Include="..\zeep\http\preforked-server.hpp">
      <Filter>Header Files\zeep\http</Filter>
    </ClInclude>
    <ClInclude Include="..\zeep\http\reply.hpp">
      <Filter>Header Files\zeep\http</Filter>
    </ClInclude>
    <ClInclude Include="..\zeep\http\request.hpp">
      <Filter>Header Files\zeep\http</Filter>
    </ClInclude>
    <ClInclude Include="..\zeep\http\request_handler.hpp">
      <Filter>Header Files\zeep\http</Filter>
    </ClInclude>
    <ClInclude Include="..\zeep\http\request_parser.hpp">
      <Filter>Header Files\zeep\http</Filter>
    </ClInclude>
    <ClInclude Include="..\zeep\http\server.hpp">
      <Filter>Header Files\zeep\http</Filter>
    </ClInclude>
    <ClInclude Include="..\src\document-imp.hpp">
      <Filter>Source Files</Filter>
    </ClInclude>
    <ClInclude Include="..\zeep\http\md5.hpp">
      <Filter>Header Files</Filter>
    </ClInclude>
  </ItemGroup>
</Project>